# This file is generated by running "yarn install" inside your project.
# Manual changes might be lost - proceed with caution!

__metadata:
  version: 6
  cacheKey: 8

"@discordjs/builders@npm:^0.13.0":
  version: 0.13.0
  resolution: "@discordjs/builders@npm:0.13.0"
  dependencies:
    "@sapphire/shapeshift": ^2.0.0
    "@sindresorhus/is": ^4.6.0
    discord-api-types: ^0.31.1
    fast-deep-equal: ^3.1.3
    ts-mixer: ^6.0.1
    tslib: ^2.3.1
  checksum: 1bce798b8f36b5abb09d8d42a660a5da6a9352ada03e0819d08ae6c98d4d8a556ed86485e252e53c448a40d17bf0d685e7f88f333db76f5b6b3bd562b9759d7c
  languageName: node
  linkType: hard

"@discordjs/collection@npm:^0.6.0":
  version: 0.6.0
  resolution: "@discordjs/collection@npm:0.6.0"
  checksum: a08826f04e3ddaf079913e2e2069727d518b5a0ea79cbeb66d8b559297df6586a25490b4b2aeab631483f68c2160df769115b9b3e114d8437b707dec80b02bab
  languageName: node
  linkType: hard

"@sapphire/async-queue@npm:^1.3.1":
  version: 1.3.1
  resolution: "@sapphire/async-queue@npm:1.3.1"
  checksum: 4016010a8b6f2896ce7694eb04c1839b613387cbfb104028a4a1bea471afb1dc4d569b66d3c9770319c47be55035dc786c072c32656d467fc2cded4347055d92
  languageName: node
  linkType: hard

"@sapphire/shapeshift@npm:^2.0.0":
  version: 2.2.0
  resolution: "@sapphire/shapeshift@npm:2.2.0"
  checksum: f6cdc706548b3c5acbcb24878bacfd5cc28629d72900bb53cf54911da3a42199a479c6875486824b17106360b7dc3c156f509ef9b04190fefa42d241ddec2696
  languageName: node
  linkType: hard

"@sindresorhus/is@npm:^4.6.0":
  version: 4.6.0
  resolution: "@sindresorhus/is@npm:4.6.0"
  checksum: 83839f13da2c29d55c97abc3bc2c55b250d33a0447554997a85c539e058e57b8da092da396e252b11ec24a0279a0bed1f537fa26302209327060643e327f81d2
  languageName: node
  linkType: hard

"@types/node-cron@npm:^3.0.1":
  version: 3.0.1
  resolution: "@types/node-cron@npm:3.0.1"
  checksum: c93887daef8064b92122c3baf5a3f058bafb70a600f432665dd2684ef8539f7796fd731b3b35b54daad7faef88f87b56fc3236b8e69ce021a364ba2e8f30e51e
  languageName: node
  linkType: hard

"@types/node-fetch@npm:^2.6.1":
  version: 2.6.1
  resolution: "@types/node-fetch@npm:2.6.1"
  dependencies:
    "@types/node": "*"
    form-data: ^3.0.0
  checksum: a3e5d7f413d1638d795dff03f7b142b1b0e0c109ed210479000ce7b3ea11f9a6d89d9a024c96578d9249570c5fe5287a5f0f4aaba98199222230196ff2d6b283
  languageName: node
  linkType: hard

"@types/node@npm:*":
  version: 17.0.35
  resolution: "@types/node@npm:17.0.35"
  checksum: 7a24946ae7fd20267ed92466384f594e448bfb151081158d565cc635d406ecb29ea8fb85fcd2a1f71efccf26fb5bd3c6f509bde56077eb8b832b847a6664bc62
  languageName: node
  linkType: hard

"@types/ws@npm:^8.5.3":
  version: 8.5.3
  resolution: "@types/ws@npm:8.5.3"
  dependencies:
    "@types/node": "*"
  checksum: 0ce46f850d41383fcdc2149bcacc86d7232fa7a233f903d2246dff86e31701a02f8566f40af5f8b56d1834779255c04ec6ec78660fe0f9b2a69cf3d71937e4ae
  languageName: node
  linkType: hard

"asynckit@npm:^0.4.0":
  version: 0.4.0
  resolution: "asynckit@npm:0.4.0"
  checksum: 7b78c451df768adba04e2d02e63e2d0bf3b07adcd6e42b4cf665cb7ce899bedd344c69a1dcbce355b5f972d597b25aaa1c1742b52cffd9caccb22f348114f6be
  languageName: node
  linkType: hard

"combined-stream@npm:^1.0.8":
  version: 1.0.8
  resolution: "combined-stream@npm:1.0.8"
  dependencies:
    delayed-stream: ~1.0.0
  checksum: 49fa4aeb4916567e33ea81d088f6584749fc90c7abec76fd516bf1c5aa5c79f3584b5ba3de6b86d26ddd64bae5329c4c7479343250cfe71c75bb366eae53bb7c
  languageName: node
  linkType: hard

"data-uri-to-buffer@npm:^4.0.0":
  version: 4.0.0
  resolution: "data-uri-to-buffer@npm:4.0.0"
  checksum: a010653869abe8bb51259432894ac62c52bf79ad761d418d94396f48c346f2ae739c46b254e8bb5987bded8a653d467db1968db3a69bab1d33aa5567baa5cfc7
  languageName: node
  linkType: hard

"delayed-stream@npm:~1.0.0":
  version: 1.0.0
  resolution: "delayed-stream@npm:1.0.0"
  checksum: 46fe6e83e2cb1d85ba50bd52803c68be9bd953282fa7096f51fc29edd5d67ff84ff753c51966061e5ba7cb5e47ef6d36a91924eddb7f3f3483b1c560f77a0020
  languageName: node
  linkType: hard

"discord-api-types@npm:^0.30.0":
  version: 0.30.0
  resolution: "discord-api-types@npm:0.30.0"
  checksum: c4b0afbc453b7ce6b570501f83a654591432eb2ce690681d2e6a9424d5f9687b7ef02dde02702e53562449c5cdcde500e92299a8158eb9bf67ad85c073788e72
  languageName: node
  linkType: hard

"discord-api-types@npm:^0.31.1":
  version: 0.31.2
  resolution: "discord-api-types@npm:0.31.2"
  checksum: 928d4f57f4c1ace0baf1d3b2c3ab4a4a5107f100217ce889a6e00ad365115fd328a0b922dbc62af6b6ccac9552ffd7ec3d07f4c8820502c5b55d9f2e5382dfba
  languageName: node
  linkType: hard

"discord.js@npm:^13.7.0":
  version: 13.7.0
  resolution: "discord.js@npm:13.7.0"
  dependencies:
    "@discordjs/builders": ^0.13.0
    "@discordjs/collection": ^0.6.0
    "@sapphire/async-queue": ^1.3.1
    "@types/node-fetch": ^2.6.1
    "@types/ws": ^8.5.3
    discord-api-types: ^0.30.0
    form-data: ^4.0.0
    node-fetch: ^2.6.1
    ws: ^8.6.0
  checksum: 2bab21c610401af57fae4ab5cf276a5201cfb321b306d9dc74c338b939ad051d3b5f47b465595f46ae41ed06cb1d4e0581fd7980852f91d3f18b4da5f70ef391
  languageName: node
  linkType: hard

"fast-deep-equal@npm:^3.1.3":
  version: 3.1.3
  resolution: "fast-deep-equal@npm:3.1.3"
  checksum: e21a9d8d84f53493b6aa15efc9cfd53dd5b714a1f23f67fb5dc8f574af80df889b3bce25dc081887c6d25457cce704e636395333abad896ccdec03abaf1f3f9d
  languageName: node
  linkType: hard

"fetch-blob@npm:^3.1.2, fetch-blob@npm:^3.1.4":
  version: 3.1.5
  resolution: "fetch-blob@npm:3.1.5"
  dependencies:
    node-domexception: ^1.0.0
    web-streams-polyfill: ^3.0.3
  checksum: 6493f21bfe196798343431d20c0284835202728d076dd2cbf502a2846679f9265f3b0c3a7224750ae1a770b925da09e592b05fe7c3a22ca27794a39a0039ab21
  languageName: node
  linkType: hard

"form-data@npm:^3.0.0":
  version: 3.0.1
  resolution: "form-data@npm:3.0.1"
  dependencies:
    asynckit: ^0.4.0
    combined-stream: ^1.0.8
    mime-types: ^2.1.12
  checksum: b019e8d35c8afc14a2bd8a7a92fa4f525a4726b6d5a9740e8d2623c30e308fbb58dc8469f90415a856698933c8479b01646a9dff33c87cc4e76d72aedbbf860d
  languageName: node
  linkType: hard

"form-data@npm:^4.0.0":
  version: 4.0.0
  resolution: "form-data@npm:4.0.0"
  dependencies:
    asynckit: ^0.4.0
    combined-stream: ^1.0.8
    mime-types: ^2.1.12
  checksum: 01135bf8675f9d5c61ff18e2e2932f719ca4de964e3be90ef4c36aacfc7b9cb2fceb5eca0b7e0190e3383fe51c5b37f4cb80b62ca06a99aaabfcfd6ac7c9328c
  languageName: node
  linkType: hard

"formdata-polyfill@npm:^4.0.10":
  version: 4.0.10
  resolution: "formdata-polyfill@npm:4.0.10"
  dependencies:
    fetch-blob: ^3.1.2
  checksum: 82a34df292afadd82b43d4a740ce387bc08541e0a534358425193017bf9fb3567875dc5f69564984b1da979979b70703aa73dee715a17b6c229752ae736dd9db
  languageName: node
  linkType: hard

"mime-db@npm:1.52.0":
  version: 1.52.0
  resolution: "mime-db@npm:1.52.0"
  checksum: 0d99a03585f8b39d68182803b12ac601d9c01abfa28ec56204fa330bc9f3d1c5e14beb049bafadb3dbdf646dfb94b87e24d4ec7b31b7279ef906a8ea9b6a513f
  languageName: node
  linkType: hard

"mime-types@npm:^2.1.12":
  version: 2.1.35
  resolution: "mime-types@npm:2.1.35"
  dependencies:
    mime-db: 1.52.0
  checksum: 89a5b7f1def9f3af5dad6496c5ed50191ae4331cc5389d7c521c8ad28d5fdad2d06fd81baf38fed813dc4e46bb55c8145bb0ff406330818c9cf712fb2e9b3836
  languageName: node
  linkType: hard

"moment-timezone@npm:^0.5.31":
  version: 0.5.34
  resolution: "moment-timezone@npm:0.5.34"
  dependencies:
    moment: ">= 2.9.0"
  checksum: 12a1d3d52e4ba509cf1fa36bbda59d898a08fa80ab35f6c358747e93aec1f07e617cec647eaf2e8acf5f9132e581d4704d34a9edffa9a80c5cd04bf23b277595
  languageName: node
  linkType: hard

"moment@npm:>= 2.9.0":
  version: 2.29.3
  resolution: "moment@npm:2.29.3"
  checksum: 2e780e36d9a1823c08a1b6313cbb08bd01ecbb2a9062095820a34f42c878991ccba53abaa6abb103fd5c01e763724f295162a8c50b7e95b4f1c992ef0772d3f0
  languageName: node
  linkType: hard

"new-folder@workspace:.":
  version: 0.0.0-use.local
  resolution: "new-folder@workspace:."
  dependencies:
    "@types/node-cron": ^3.0.1
    discord.js: ^13.7.0
    node-cron: ^3.0.0
    node-fetch: ^3.2.4
    typescript: ^4.6.4
  languageName: unknown
  linkType: soft

"node-cron@npm:^3.0.0":
  version: 3.0.0
  resolution: "node-cron@npm:3.0.0"
  dependencies:
    moment-timezone: ^0.5.31
  checksum: acae07d835f74636ec2bf598ffadf6b89aa2eae036671bffad336371b28fb1eefb11870912c965bb351cd958d4b62f9fa9b28cf922b5f681459ea4878837ffcf
  languageName: node
  linkType: hard

"node-domexception@npm:^1.0.0":
  version: 1.0.0
  resolution: "node-domexception@npm:1.0.0"
  checksum: ee1d37dd2a4eb26a8a92cd6b64dfc29caec72bff5e1ed9aba80c294f57a31ba4895a60fd48347cf17dd6e766da0ae87d75657dfd1f384ebfa60462c2283f5c7f
  languageName: node
  linkType: hard

"node-fetch@npm:^2.6.1":
  version: 2.6.7
  resolution: "node-fetch@npm:2.6.7"
  dependencies:
    whatwg-url: ^5.0.0
  peerDependencies:
    encoding: ^0.1.0
  peerDependenciesMeta:
    encoding:
      optional: true
  checksum: 8d816ffd1ee22cab8301c7756ef04f3437f18dace86a1dae22cf81db8ef29c0bf6655f3215cb0cdb22b420b6fe141e64b26905e7f33f9377a7fa59135ea3e10b
  languageName: node
  linkType: hard

"node-fetch@npm:^3.2.4":
  version: 3.2.4
  resolution: "node-fetch@npm:3.2.4"
  dependencies:
    data-uri-to-buffer: ^4.0.0
    fetch-blob: ^3.1.4
    formdata-polyfill: ^4.0.10
  checksum: cfc715441302167bd4a9c6d6f3ff8eecb65e5aeeccd55a690497dcce5f95ec017d65c5682414287cad3998a28b1bab4820dcbe51852902eaa5f15f3975562384
  languageName: node
  linkType: hard

"tr46@npm:~0.0.3":
  version: 0.0.3
  resolution: "tr46@npm:0.0.3"
  checksum: 726321c5eaf41b5002e17ffbd1fb7245999a073e8979085dacd47c4b4e8068ff5777142fc6726d6ca1fd2ff16921b48788b87225cbc57c72636f6efa8efbffe3
  languageName: node
  linkType: hard

"ts-mixer@npm:^6.0.1":
  version: 6.0.1
  resolution: "ts-mixer@npm:6.0.1"
  checksum: 7050f6e85a24155d18cecdcc0a098d1038991cc498317fcffa9d7a8654c776d417fb97e65de1ce8e7ed54ef4814abd8057d0efb9c3b24e9cc78ac3c0f48bbf53
  languageName: node
  linkType: hard

"tslib@npm:^2.3.1":
  version: 2.4.0
  resolution: "tslib@npm:2.4.0"
  checksum: 8c4aa6a3c5a754bf76aefc38026134180c053b7bd2f81338cb5e5ebf96fefa0f417bff221592bf801077f5bf990562f6264fecbc42cd3309b33872cb6fc3b113
  languageName: node
  linkType: hard

"typescript@npm:^4.6.4":
  version: 4.6.4
  resolution: "typescript@npm:4.6.4"
  bin:
    tsc: bin/tsc
    tsserver: bin/tsserver
  checksum: e7bfcc39cd4571a63a54e5ea21f16b8445268b9900bf55aee0e02ad981be576acc140eba24f1af5e3c1457767c96cea6d12861768fb386cf3ffb34013718631a
  languageName: node
  linkType: hard

"typescript@patch:typescript@^4.6.4#~builtin<compat/typescript>":
  version: 4.6.4
  resolution: "typescript@patch:typescript@npm%3A4.6.4#~builtin<compat/typescript>::version=4.6.4&hash=7ad353"
  bin:
    tsc: bin/tsc
    tsserver: bin/tsserver
  checksum: 1cb434fbc637d347be90e3a0c6cd05e33c38f941713c8786d3031faf1842c2c148ba91d2fac01e7276b0ae3249b8633f1660e32686cc7a8c6a8fd5361dc52c66
  languageName: node
  linkType: hard

"web-streams-polyfill@npm:^3.0.3":
  version: 3.2.1
  resolution: "web-streams-polyfill@npm:3.2.1"
  checksum: b119c78574b6d65935e35098c2afdcd752b84268e18746606af149e3c424e15621b6f1ff0b42b2676dc012fc4f0d313f964b41a4b5031e525faa03997457da02
  languageName: node
  linkType: hard

"webidl-conversions@npm:^3.0.0":
  version: 3.0.1
  resolution: "webidl-conversions@npm:3.0.1"
  checksum: c92a0a6ab95314bde9c32e1d0a6dfac83b578f8fa5f21e675bc2706ed6981bc26b7eb7e6a1fab158e5ce4adf9caa4a0aee49a52505d4d13c7be545f15021b17c
  languageName: node
  linkType: hard

"whatwg-url@npm:^5.0.0":
  version: 5.0.0
  resolution: "whatwg-url@npm:5.0.0"
  dependencies:
    tr46: ~0.0.3
    webidl-conversions: ^3.0.0
  checksum: b8daed4ad3356cc4899048a15b2c143a9aed0dfae1f611ebd55073310c7b910f522ad75d727346ad64203d7e6c79ef25eafd465f4d12775ca44b90fa82ed9e2c
  languageName: node
  linkType: hard

"ws@npm:^8.6.0":
  version: 8.6.0
  resolution: "ws@npm:8.6.0"
  peerDependencies:
    bufferutil: ^4.0.1
    utf-8-validate: ^5.0.2
  peerDependenciesMeta:
    bufferutil:
      optional: true
    utf-8-validate:
      optional: true
  checksum: e2fca82059f1e087d0c78e2f37135e1b8332bc804fce46f83c2db1cb8571685abf9d2c99b964bab3752536ad90b99b46fb8d1428899aed3e560684ab4641bffd
  languageName: node
  linkType: hard
